
Microsoft Visual Studio Solution File, Format Version 12.00
# Visual Studio 2013
VisualStudioVersion = 12.0.31101.0
MinimumVisualStudioVersion = 10.0.40219.1
Project("{FAE04EC0-301F-11D3-BF4B-00C04F79EFBC}") = "SeleniumFixture.ExampleModels", "SeleniumFixture.ExampleModels\SeleniumFixture.ExampleModels.csproj", "{0734547E-D92C-4338-B8F4-1BB1B4289504}"
EndProject
Project("{FAE04EC0-301F-11D3-BF4B-00C04F79EFBC}") = "SeleniumFixture.xUnit.ExampleTests", "SeleniumFixture.xUnit.ExampleTests\SeleniumFixture.xUnit.ExampleTests.csproj", "{1058E28E-027E-4650-8FCB-6D88C30613ED}"
EndProject
Project("{FAE04EC0-301F-11D3-BF4B-00C04F79EFBC}") = "SeleniumFixture.mstest.ExampleTests", "SeleniumFixture.mstest.ExampleTests\SeleniumFixture.mstest.ExampleTests.csproj", "{E25C9041-3500-404C-8190-E9AC3E414FCD}"
EndProject
Global
	GlobalSection(SolutionConfigurationPlatforms) = preSolution
		Debug|Any CPU = Debug|Any CPU
		Release|Any CPU = Release|Any CPU
	EndGlobalSection
	GlobalSection(ProjectConfigurationPlatforms) = postSolution
		{0734547E-D92C-4338-B8F4-1BB1B4289504}.Debug|Any CPU.ActiveCfg = Debug|Any CPU
		{0734547E-D92C-4338-B8F4-1BB1B4289504}.Debug|Any CPU.Build.0 = Debug|Any CPU
		{0734547E-D92C-4338-B8F4-1BB1B4289504}.Release|Any CPU.ActiveCfg = Release|Any CPU
		{0734547E-D92C-4338-B8F4-1BB1B4289504}.Release|Any CPU.Build.0 = Release|Any CPU
		{1058E28E-027E-4650-8FCB-6D88C30613ED}.Debug|Any CPU.ActiveCfg = Debug|Any CPU
		{1058E28E-027E-4650-8FCB-6D88C30613ED}.Debug|Any CPU.Build.0 = Debug|Any CPU
		{1058E28E-027E-4650-8FCB-6D88C30613ED}.Release|Any CPU.ActiveCfg = Release|Any CPU
		{1058E28E-027E-4650-8FCB-6D88C30613ED}.Release|Any CPU.Build.0 = Release|Any CPU
		{E25C9041-3500-404C-8190-E9AC3E414FCD}.Debug|Any CPU.ActiveCfg = Debug|Any CPU
		{E25C9041-3500-404C-8190-E9AC3E414FCD}.Debug|Any CPU.Build.0 = Debug|Any CPU
		{E25C9041-3500-404C-8190-E9AC3E414FCD}.Release|Any CPU.ActiveCfg = Release|Any CPU
		{E25C9041-3500-404C-8190-E9AC3E414FCD}.Release|Any CPU.Build.0 = Release|Any CPU
	EndGlobalSection
	GlobalSection(SolutionProperties) = preSolution
		HideSolutionNode = FALSE
	EndGlobalSection
EndGlobal
